
Microsoft Visual Studio Solution File, Format Version 12.00
# Visual Studio Version 16
VisualStudioVersion = 16.0.31702.278
MinimumVisualStudioVersion = 10.0.40219.1
Project("{FAE04EC0-301F-11D3-BF4B-00C04F79EFBC}") = "WEBAPIDemo", "WEBAPIDemo.csproj", "{6DD2EE4F-0033-4A4D-9303-714193853335}"
EndProject
Global
	GlobalSection(SolutionConfigurationPlatforms) = preSolution
		Debug|Any CPU = Debug|Any CPU
		Release|Any CPU = Release|Any CPU
	EndGlobalSection
	GlobalSection(ProjectConfigurationPlatforms) = postSolution
		{6DD2EE4F-0033-4A4D-9303-714193853335}.Debug|Any CPU.ActiveCfg = Debug|Any CPU
		{6DD2EE4F-0033-4A4D-9303-714193853335}.Debug|Any CPU.Build.0 = Debug|Any CPU
		{6DD2EE4F-0033-4A4D-9303-714193853335}.Release|Any CPU.ActiveCfg = Release|Any CPU
		{6DD2EE4F-0033-4A4D-9303-714193853335}.Release|Any CPU.Build.0 = Release|Any CPU
	EndGlobalSection
	GlobalSection(SolutionProperties) = preSolution
		HideSolutionNode = FALSE
	EndGlobalSection
	GlobalSection(ExtensibilityGlobals) = postSolution
		SolutionGuid = {1E6D457E-E3E1-49E4-9692-7C0390A890DC}
	EndGlobalSection
EndGlobal
